<?xml version="1.0" encoding="utf-8"?>
<Project ToolsVersion="4.0" xmlns="http://schemas.microsoft.com/developer/msbuild/2003">
  <ItemGroup>
    <Filter Include="소스 파일">
      <UniqueIdentifier>{4FC737F1-C7A5-4376-A066-2A32D752A2FF}</UniqueIdentifier>
      <Extensions>cpp;c;cc;cxx;c++;def;odl;idl;hpj;bat;asm;asmx</Extensions>
    </Filter>
    <Filter Include="헤더 파일">
      <UniqueIdentifier>{93995380-89BD-4b04-88EB-625FBE52EBFB}</UniqueIdentifier>
      <Extensions>h;hh;hpp;hxx;h++;hm;inl;inc;ipp;xsd</Extensions>
    </Filter>
    <Filter Include="리소스 파일">
      <UniqueIdentifier>{67DA6AB6-F800-4c08-8B7A-83BB121AAD01}</UniqueIdentifier>
      <Extensions>rc;ico;cur;bmp;dlg;rc2;rct;bin;rgs;gif;jpg;jpeg;jpe;resx;tiff;tif;png;wav;mfcribbon-ms</Extensions>
    </Filter>
  </ItemGroup>
  <ItemGroup>
    <ClInclude Include="Command.h">
      <Filter>헤더 파일</Filter>
    </ClInclude>
    <ClInclude Include="Light.h">
      <Filter>헤더 파일</Filter>
    </ClInclude>
    <ClInclude Include="LightDimCommand.h">
      <Filter>헤더 파일</Filter>
    </ClInclude>
    <ClInclude Include="LightOffCommand.h">
      <Filter>헤더 파일</Filter>
    </ClInclude>
    <ClInclude Include="LightOnCommand.h">
      <Filter>헤더 파일</Filter>
    </ClInclude>
    <ClInclude Include="Garage.h">
      <Filter>헤더 파일</Filter>
    </ClInclude>
    <ClInclude Include="GarageDoorCloseCommand.h">
      <Filter>헤더 파일</Filter>
    </ClInclude>
    <ClInclude Include="GarageDoorOpenCommand.h">
      <Filter>헤더 파일</Filter>
    </ClInclude>
    <ClInclude Include="CeilingFan.h">
      <Filter>헤더 파일</Filter>
    </ClInclude>
    <ClInclude Include="Hottub.h">
      <Filter>헤더 파일</Filter>
    </ClInclude>
    <ClInclude Include="CeilingFanCommand.h">
      <Filter>헤더 파일</Filter>
    </ClInclude>
    <ClInclude Include="OnOffCommand.h">
      <Filter>헤더 파일</Filter>
    </ClInclude>
    <ClInclude Include="HottubOnCommand.h">
      <Filter>헤더 파일</Filter>
    </ClInclude>
    <ClInclude Include="HottubOffCommand.h">
      <Filter>헤더 파일</Filter>
    </ClInclude>
    <ClInclude Include="NoCommand.h">
      <Filter>헤더 파일</Filter>
    </ClInclude>
    <ClInclude Include="MacroCommand.h">
      <Filter>헤더 파일</Filter>
    </ClInclude>
    <ClInclude Include="RemoteControl.h">
      <Filter>헤더 파일</Filter>
    </ClInclude>
    <ClInclude Include="TV.h">
      <Filter>헤더 파일</Filter>
    </ClInclude>
    <ClInclude Include="TVOnCommand.h">
      <Filter>헤더 파일</Filter>
    </ClInclude>
    <ClInclude Include="TVOffCommand.h">
      <Filter>헤더 파일</Filter>
    </ClInclude>
    <ClInclude Include="Stereo.h">
      <Filter>헤더 파일</Filter>
    </ClInclude>
    <ClInclude Include="StereoOnCommand.h">
      <Filter>헤더 파일</Filter>
    </ClInclude>
    <ClInclude Include="StereoOffCommand.h">
      <Filter>헤더 파일</Filter>
    </ClInclude>
    <ClInclude Include="StereoOnWithCD.h">
      <Filter>헤더 파일</Filter>
    </ClInclude>
  </ItemGroup>
  <ItemGroup>
    <ClCompile Include="Light.cpp">
      <Filter>소스 파일</Filter>
    </ClCompile>
    <ClCompile Include="LightDimCommand.cpp">
      <Filter>소스 파일</Filter>
    </ClCompile>
    <ClCompile Include="Garage.cpp">
      <Filter>소스 파일</Filter>
    </ClCompile>
    <ClCompile Include="GarageDoorOpenCommand.cpp">
      <Filter>소스 파일</Filter>
    </ClCompile>
    <ClCompile Include="GarageDoorCloseCommand.cpp">
      <Filter>소스 파일</Filter>
    </ClCompile>
    <ClCompile Include="CeilingFan.cpp">
      <Filter>소스 파일</Filter>
    </ClCompile>
    <ClCompile Include="CeilingFanCommand.cpp">
      <Filter>소스 파일</Filter>
    </ClCompile>
    <ClCompile Include="Hottub.cpp">
      <Filter>소스 파일</Filter>
    </ClCompile>
    <ClCompile Include="MacroCommand.cpp">
      <Filter>소스 파일</Filter>
    </ClCompile>
    <ClCompile Include="RemoteControl.cpp">
      <Filter>소스 파일</Filter>
    </ClCompile>
    <ClCompile Include="main.cpp">
      <Filter>소스 파일</Filter>
    </ClCompile>
    <ClCompile Include="TV.cpp">
      <Filter>소스 파일</Filter>
    </ClCompile>
    <ClCompile Include="Stereo.cpp">
      <Filter>소스 파일</Filter>
    </ClCompile>
    <ClCompile Include="StereoWithCD.cpp">
      <Filter>소스 파일</Filter>
    </ClCompile>
  </ItemGroup>
</Project>